
Microsoft Visual Studio Solution File, Format Version 12.00
# Visual Studio 14
VisualStudioVersion = 14.0.24720.0
MinimumVisualStudioVersion = 10.0.40219.1
Project("{2150E333-8FDC-42A3-9474-1A3956D46DE8}") = "src", "src", "{C6BBFE9E-B1DA-4ACE-967D-E367C489DD94}"
EndProject
Project("{2150E333-8FDC-42A3-9474-1A3956D46DE8}") = "Solution Items", "Solution Items", "{C42989FC-210A-45B3-9171-00DD057D9248}"
	ProjectSection(SolutionItems) = preProject
		global.json = global.json
	EndProjectSection
EndProject
Project("{8BB2217D-0F2D-49D1-97BC-3654ED321F3B}") = "JCBuildCore1", "src\JCBuildCore1\JCBuildCore1.xproj", "{BC6C35F0-47AF-4F13-BEDE-5C1356A52AA3}"
EndProject
Project("{8BB2217D-0F2D-49D1-97BC-3654ED321F3B}") = "JCBuildCore1Tests", "src\JCBuildCore1Tests\JCBuildCore1Tests.xproj", "{A5B40F17-AD9C-4581-B7CC-9769830414C9}"
EndProject
Global
	GlobalSection(SolutionConfigurationPlatforms) = preSolution
		Debug|Any CPU = Debug|Any CPU
		Release|Any CPU = Release|Any CPU
	EndGlobalSection
	GlobalSection(ProjectConfigurationPlatforms) = postSolution
		{BC6C35F0-47AF-4F13-BEDE-5C1356A52AA3}.Debug|Any CPU.ActiveCfg = Debug|Any CPU
		{BC6C35F0-47AF-4F13-BEDE-5C1356A52AA3}.Debug|Any CPU.Build.0 = Debug|Any CPU
		{BC6C35F0-47AF-4F13-BEDE-5C1356A52AA3}.Release|Any CPU.ActiveCfg = Release|Any CPU
		{BC6C35F0-47AF-4F13-BEDE-5C1356A52AA3}.Release|Any CPU.Build.0 = Release|Any CPU
		{A5B40F17-AD9C-4581-B7CC-9769830414C9}.Debug|Any CPU.ActiveCfg = Debug|Any CPU
		{A5B40F17-AD9C-4581-B7CC-9769830414C9}.Debug|Any CPU.Build.0 = Debug|Any CPU
		{A5B40F17-AD9C-4581-B7CC-9769830414C9}.Release|Any CPU.ActiveCfg = Release|Any CPU
		{A5B40F17-AD9C-4581-B7CC-9769830414C9}.Release|Any CPU.Build.0 = Release|Any CPU
	EndGlobalSection
	GlobalSection(SolutionProperties) = preSolution
		HideSolutionNode = FALSE
	EndGlobalSection
	GlobalSection(NestedProjects) = preSolution
		{BC6C35F0-47AF-4F13-BEDE-5C1356A52AA3} = {C6BBFE9E-B1DA-4ACE-967D-E367C489DD94}
		{A5B40F17-AD9C-4581-B7CC-9769830414C9} = {C6BBFE9E-B1DA-4ACE-967D-E367C489DD94}
	EndGlobalSection
EndGlobal
